{
  "originHash" : "8b031222ffeee1aa9a9250051ea9fad81b22fd2a7885d2ea104f8f577ce740e9",
  "pins" : [
    {
      "identity" : "swiftional",
      "kind" : "remoteSourceControl",
      "location" : "https://github.com/VAndrJ/Swiftional",
      "state" : {
        "revision" : "616227ce6fbc30939fcf1af956928effaf4db84e",
        "version" : "2.0.1"
      }
    },
    {
      "identity" : "vanavigator",
      "kind" : "remoteSourceControl",
      "location" : "https://github.com/VAndrJ/VANavigator.git",
      "state" : {
        "revision" : "36dcefcb8f8440b1b6e2c6a2cd3d2458703f5bc1",
        "version" : "1.3.8"
      }
    },
    {
      "identity" : "yoga",
      "kind" : "remoteSourceControl",
      "location" : "https://github.com/facebook/yoga.git",
      "state" : {
        "revision" : "1b9b878b9a72e06c2bfb175fe55c4150278573ee",
        "version" : "3.0.4"
      }
    }
  ],
  "version" : 3
}
