{
  "originHash" : "80222305a9c66ef1e44f46438e5811cf7467f9a5e8263b1b0df48ea5feff7424",
  "pins" : [
    {
      "identity" : "differ",
      "kind" : "remoteSourceControl",
      "location" : "https://github.com/tonyarnold/Differ",
      "state" : {
        "revision" : "5520fda947f1f9777a806389c2ba587219bc0538",
        "version" : "1.4.6"
      }
    },
    {
      "identity" : "swiftional",
      "kind" : "remoteSourceControl",
      "location" : "https://github.com/VAndrJ/Swiftional",
      "state" : {
        "revision" : "616227ce6fbc30939fcf1af956928effaf4db84e",
        "version" : "2.0.1"
      }
    },
    {
      "identity" : "vanavigator",
      "kind" : "remoteSourceControl",
      "location" : "https://github.com/VAndrJ/VANavigator.git",
      "state" : {
        "revision" : "36dcefcb8f8440b1b6e2c6a2cd3d2458703f5bc1",
        "version" : "1.3.8"
      }
    },
    {
      "identity" : "yoga",
      "kind" : "remoteSourceControl",
      "location" : "https://github.com/facebook/yoga.git",
      "state" : {
        "revision" : "1b9b878b9a72e06c2bfb175fe55c4150278573ee",
        "version" : "3.0.4"
      }
    }
  ],
  "version" : 3
}
