// !$*UTF8*$!
{
	archiveVersion = 1;
	classes = {
	};
	objectVersion = 56;
	objects = {

/* Begin PBXBuildFile section */
		A38DDC3B2BDAC86B00B34C34 /* AppDelegate.swift in Sources */ = {isa = PBXBuildFile; fileRef = A38DDC3A2BDAC86B00B34C34 /* AppDelegate.swift */; };
		A38DDC3D2BDAC86B00B34C34 /* SceneDelegate.swift in Sources */ = {isa = PBXBuildFile; fileRef = A38DDC3C2BDAC86B00B34C34 /* SceneDelegate.swift */; };
		A38DDC442BDAC86C00B34C34 /* Assets.xcassets in Resources */ = {isa = PBXBuildFile; fileRef = A38DDC432BDAC86C00B34C34 /* Assets.xcassets */; };
		A38DDC472BDAC86C00B34C34 /* Base in Resources */ = {isa = PBXBuildFile; fileRef = A38DDC462BDAC86C00B34C34 /* Base */; };
		A38DDC512BDAD70000B34C34 /* VAYogaKit in Frameworks */ = {isa = PBXBuildFile; productRef = A38DDC502BDAD70000B34C34 /* VAYogaKit */; };
		A38DDC832BDCFF3300B34C34 /* BaseViewController.swift in Sources */ = {isa = PBXBuildFile; fileRef = A38DDC822BDCFF3300B34C34 /* BaseViewController.swift */; };
		A38DDC852BDD010C00B34C34 /* BaseControllerView.swift in Sources */ = {isa = PBXBuildFile; fileRef = A38DDC842BDD010C00B34C34 /* BaseControllerView.swift */; };
		A38DDC872BDD012200B34C34 /* BaseView.swift in Sources */ = {isa = PBXBuildFile; fileRef = A38DDC862BDD012200B34C34 /* BaseView.swift */; };
		A38DDC8A2BDE7D5000B34C34 /* Functions.swift in Sources */ = {isa = PBXBuildFile; fileRef = A38DDC892BDE7D5000B34C34 /* Functions.swift */; };
		A38DDC8C2BDE7DBA00B34C34 /* Applyable.swift in Sources */ = {isa = PBXBuildFile; fileRef = A38DDC8B2BDE7DBA00B34C34 /* Applyable.swift */; };
		A38DDC8E2BDE7DF000B34C34 /* CGSize+Support.swift in Sources */ = {isa = PBXBuildFile; fileRef = A38DDC8D2BDE7DF000B34C34 /* CGSize+Support.swift */; };
		A38DDC902BDE7E2600B34C34 /* VAIdentifiable.swift in Sources */ = {isa = PBXBuildFile; fileRef = A38DDC8F2BDE7E2600B34C34 /* VAIdentifiable.swift */; };
		A38DDC942BDE7EA600B34C34 /* UITableViewCell+Support.swift in Sources */ = {isa = PBXBuildFile; fileRef = A38DDC932BDE7EA600B34C34 /* UITableViewCell+Support.swift */; };
		A38DDC962BDE7ED400B34C34 /* UITableView+Support.swift in Sources */ = {isa = PBXBuildFile; fileRef = A38DDC952BDE7ED400B34C34 /* UITableView+Support.swift */; };
		A38DDC982BDE7F1600B34C34 /* UICollectionView+Support.swift in Sources */ = {isa = PBXBuildFile; fileRef = A38DDC972BDE7F1600B34C34 /* UICollectionView+Support.swift */; };
		A38DDC9A2BDE7F3100B34C34 /* UICollectionViewCell+Support.swift in Sources */ = {isa = PBXBuildFile; fileRef = A38DDC992BDE7F3100B34C34 /* UICollectionViewCell+Support.swift */; };
		A38DDC9D2BDE803000B34C34 /* MainScreenView.swift in Sources */ = {isa = PBXBuildFile; fileRef = A38DDC9C2BDE803000B34C34 /* MainScreenView.swift */; };
/* End PBXBuildFile section */

/* Begin PBXFileReference section */
		A38DDC372BDAC86B00B34C34 /* VAYogaKitExample.app */ = {isa = PBXFileReference; explicitFileType = wrapper.application; includeInIndex = 0; path = VAYogaKitExample.app; sourceTree = BUILT_PRODUCTS_DIR; };
		A38DDC3A2BDAC86B00B34C34 /* AppDelegate.swift */ = {isa = PBXFileReference; lastKnownFileType = sourcecode.swift; path = AppDelegate.swift; sourceTree = "<group>"; };
		A38DDC3C2BDAC86B00B34C34 /* SceneDelegate.swift */ = {isa = PBXFileReference; lastKnownFileType = sourcecode.swift; path = SceneDelegate.swift; sourceTree = "<group>"; };
		A38DDC432BDAC86C00B34C34 /* Assets.xcassets */ = {isa = PBXFileReference; lastKnownFileType = folder.assetcatalog; path = Assets.xcassets; sourceTree = "<group>"; };
		A38DDC462BDAC86C00B34C34 /* Base */ = {isa = PBXFileReference; lastKnownFileType = file.storyboard; name = Base; path = Base.lproj/LaunchScreen.storyboard; sourceTree = "<group>"; };
		A38DDC482BDAC86C00B34C34 /* Info.plist */ = {isa = PBXFileReference; lastKnownFileType = text.plist.xml; path = Info.plist; sourceTree = "<group>"; };
		A38DDC4E2BDAC8FC00B34C34 /* VAYogaKit */ = {isa = PBXFileReference; lastKnownFileType = wrapper; name = VAYogaKit; path = ..; sourceTree = "<group>"; };
		A38DDC522BDAD78C00B34C34 /* VAYogaKitTests.xctestplan */ = {isa = PBXFileReference; lastKnownFileType = text; path = VAYogaKitTests.xctestplan; sourceTree = "<group>"; };
		A38DDC822BDCFF3300B34C34 /* BaseViewController.swift */ = {isa = PBXFileReference; lastKnownFileType = sourcecode.swift; path = BaseViewController.swift; sourceTree = "<group>"; };
		A38DDC842BDD010C00B34C34 /* BaseControllerView.swift */ = {isa = PBXFileReference; lastKnownFileType = sourcecode.swift; path = BaseControllerView.swift; sourceTree = "<group>"; };
		A38DDC862BDD012200B34C34 /* BaseView.swift */ = {isa = PBXFileReference; lastKnownFileType = sourcecode.swift; path = BaseView.swift; sourceTree = "<group>"; };
		A38DDC892BDE7D5000B34C34 /* Functions.swift */ = {isa = PBXFileReference; lastKnownFileType = sourcecode.swift; path = Functions.swift; sourceTree = "<group>"; };
		A38DDC8B2BDE7DBA00B34C34 /* Applyable.swift */ = {isa = PBXFileReference; lastKnownFileType = sourcecode.swift; path = Applyable.swift; sourceTree = "<group>"; };
		A38DDC8D2BDE7DF000B34C34 /* CGSize+Support.swift */ = {isa = PBXFileReference; lastKnownFileType = sourcecode.swift; path = "CGSize+Support.swift"; sourceTree = "<group>"; };
		A38DDC8F2BDE7E2600B34C34 /* VAIdentifiable.swift */ = {isa = PBXFileReference; lastKnownFileType = sourcecode.swift; path = VAIdentifiable.swift; sourceTree = "<group>"; };
		A38DDC932BDE7EA600B34C34 /* UITableViewCell+Support.swift */ = {isa = PBXFileReference; lastKnownFileType = sourcecode.swift; path = "UITableViewCell+Support.swift"; sourceTree = "<group>"; };
		A38DDC952BDE7ED400B34C34 /* UITableView+Support.swift */ = {isa = PBXFileReference; lastKnownFileType = sourcecode.swift; path = "UITableView+Support.swift"; sourceTree = "<group>"; };
		A38DDC972BDE7F1600B34C34 /* UICollectionView+Support.swift */ = {isa = PBXFileReference; lastKnownFileType = sourcecode.swift; path = "UICollectionView+Support.swift"; sourceTree = "<group>"; };
		A38DDC992BDE7F3100B34C34 /* UICollectionViewCell+Support.swift */ = {isa = PBXFileReference; lastKnownFileType = sourcecode.swift; path = "UICollectionViewCell+Support.swift"; sourceTree = "<group>"; };
		A38DDC9C2BDE803000B34C34 /* MainScreenView.swift */ = {isa = PBXFileReference; lastKnownFileType = sourcecode.swift; path = MainScreenView.swift; sourceTree = "<group>"; };
/* End PBXFileReference section */

/* Begin PBXFrameworksBuildPhase section */
		A38DDC342BDAC86B00B34C34 /* Frameworks */ = {
			isa = PBXFrameworksBuildPhase;
			buildActionMask = 2147483647;
			files = (
				A38DDC512BDAD70000B34C34 /* VAYogaKit in Frameworks */,
			);
			runOnlyForDeploymentPostprocessing = 0;
		};
/* End PBXFrameworksBuildPhase section */

/* Begin PBXGroup section */
		A38DDC2E2BDAC86B00B34C34 = {
			isa = PBXGroup;
			children = (
				A38DDC522BDAD78C00B34C34 /* VAYogaKitTests.xctestplan */,
				A38DDC4E2BDAC8FC00B34C34 /* VAYogaKit */,
				A38DDC392BDAC86B00B34C34 /* VAYogaKitExample */,
				A38DDC382BDAC86B00B34C34 /* Products */,
				A38DDC4F2BDAD70000B34C34 /* Frameworks */,
			);
			sourceTree = "<group>";
		};
		A38DDC382BDAC86B00B34C34 /* Products */ = {
			isa = PBXGroup;
			children = (
				A38DDC372BDAC86B00B34C34 /* VAYogaKitExample.app */,
			);
			name = Products;
			sourceTree = "<group>";
		};
		A38DDC392BDAC86B00B34C34 /* VAYogaKitExample */ = {
			isa = PBXGroup;
			children = (
				A38DDC9B2BDE801F00B34C34 /* Screens */,
				A38DDC882BDE7D4300B34C34 /* Support */,
				A38DDC7F2BDCFE9D00B34C34 /* App */,
				A38DDC812BDCFF1E00B34C34 /* Base */,
				A38DDC802BDCFEA700B34C34 /* Resources */,
			);
			path = VAYogaKitExample;
			sourceTree = "<group>";
		};
		A38DDC4F2BDAD70000B34C34 /* Frameworks */ = {
			isa = PBXGroup;
			children = (
			);
			name = Frameworks;
			sourceTree = "<group>";
		};
		A38DDC7F2BDCFE9D00B34C34 /* App */ = {
			isa = PBXGroup;
			children = (
				A38DDC3A2BDAC86B00B34C34 /* AppDelegate.swift */,
				A38DDC3C2BDAC86B00B34C34 /* SceneDelegate.swift */,
			);
			path = App;
			sourceTree = "<group>";
		};
		A38DDC802BDCFEA700B34C34 /* Resources */ = {
			isa = PBXGroup;
			children = (
				A38DDC432BDAC86C00B34C34 /* Assets.xcassets */,
				A38DDC482BDAC86C00B34C34 /* Info.plist */,
				A38DDC452BDAC86C00B34C34 /* LaunchScreen.storyboard */,
			);
			path = Resources;
			sourceTree = "<group>";
		};
		A38DDC812BDCFF1E00B34C34 /* Base */ = {
			isa = PBXGroup;
			children = (
				A38DDC842BDD010C00B34C34 /* BaseControllerView.swift */,
				A38DDC862BDD012200B34C34 /* BaseView.swift */,
				A38DDC822BDCFF3300B34C34 /* BaseViewController.swift */,
			);
			path = Base;
			sourceTree = "<group>";
		};
		A38DDC882BDE7D4300B34C34 /* Support */ = {
			isa = PBXGroup;
			children = (
				A38DDC892BDE7D5000B34C34 /* Functions.swift */,
				A38DDC922BDE7E7500B34C34 /* Extensions */,
				A38DDC912BDE7E4B00B34C34 /* Protocols */,
			);
			path = Support;
			sourceTree = "<group>";
		};
		A38DDC912BDE7E4B00B34C34 /* Protocols */ = {
			isa = PBXGroup;
			children = (
				A38DDC8B2BDE7DBA00B34C34 /* Applyable.swift */,
				A38DDC8F2BDE7E2600B34C34 /* VAIdentifiable.swift */,
			);
			path = Protocols;
			sourceTree = "<group>";
		};
		A38DDC922BDE7E7500B34C34 /* Extensions */ = {
			isa = PBXGroup;
			children = (
				A38DDC8D2BDE7DF000B34C34 /* CGSize+Support.swift */,
				A38DDC972BDE7F1600B34C34 /* UICollectionView+Support.swift */,
				A38DDC992BDE7F3100B34C34 /* UICollectionViewCell+Support.swift */,
				A38DDC952BDE7ED400B34C34 /* UITableView+Support.swift */,
				A38DDC932BDE7EA600B34C34 /* UITableViewCell+Support.swift */,
			);
			path = Extensions;
			sourceTree = "<group>";
		};
		A38DDC9B2BDE801F00B34C34 /* Screens */ = {
			isa = PBXGroup;
			children = (
				A38DDC9C2BDE803000B34C34 /* MainScreenView.swift */,
			);
			path = Screens;
			sourceTree = "<group>";
		};
/* End PBXGroup section */

/* Begin PBXNativeTarget section */
		A38DDC362BDAC86B00B34C34 /* VAYogaKitExample */ = {
			isa = PBXNativeTarget;
			buildConfigurationList = A38DDC4B2BDAC86C00B34C34 /* Build configuration list for PBXNativeTarget "VAYogaKitExample" */;
			buildPhases = (
				A38DDC332BDAC86B00B34C34 /* Sources */,
				A38DDC342BDAC86B00B34C34 /* Frameworks */,
				A38DDC352BDAC86B00B34C34 /* Resources */,
			);
			buildRules = (
			);
			dependencies = (
			);
			name = VAYogaKitExample;
			packageProductDependencies = (
				A38DDC502BDAD70000B34C34 /* VAYogaKit */,
			);
			productName = VAYogaKitExample;
			productReference = A38DDC372BDAC86B00B34C34 /* VAYogaKitExample.app */;
			productType = "com.apple.product-type.application";
		};
/* End PBXNativeTarget section */

/* Begin PBXProject section */
		A38DDC2F2BDAC86B00B34C34 /* Project object */ = {
			isa = PBXProject;
			attributes = {
				BuildIndependentTargetsInParallel = 1;
				LastSwiftUpdateCheck = 1530;
				LastUpgradeCheck = 1530;
				ORGANIZATIONNAME = "Volodymyr Andriienko";
				TargetAttributes = {
					A38DDC362BDAC86B00B34C34 = {
						CreatedOnToolsVersion = 15.3;
					};
				};
			};
			buildConfigurationList = A38DDC322BDAC86B00B34C34 /* Build configuration list for PBXProject "VAYogaKitExample" */;
			compatibilityVersion = "Xcode 14.0";
			developmentRegion = en;
			hasScannedForEncodings = 0;
			knownRegions = (
				en,
				Base,
			);
			mainGroup = A38DDC2E2BDAC86B00B34C34;
			productRefGroup = A38DDC382BDAC86B00B34C34 /* Products */;
			projectDirPath = "";
			projectRoot = "";
			targets = (
				A38DDC362BDAC86B00B34C34 /* VAYogaKitExample */,
			);
		};
/* End PBXProject section */

/* Begin PBXResourcesBuildPhase section */
		A38DDC352BDAC86B00B34C34 /* Resources */ = {
			isa = PBXResourcesBuildPhase;
			buildActionMask = 2147483647;
			files = (
				A38DDC442BDAC86C00B34C34 /* Assets.xcassets in Resources */,
				A38DDC472BDAC86C00B34C34 /* Base in Resources */,
			);
			runOnlyForDeploymentPostprocessing = 0;
		};
/* End PBXResourcesBuildPhase section */

/* Begin PBXSourcesBuildPhase section */
		A38DDC332BDAC86B00B34C34 /* Sources */ = {
			isa = PBXSourcesBuildPhase;
			buildActionMask = 2147483647;
			files = (
				A38DDC3B2BDAC86B00B34C34 /* AppDelegate.swift in Sources */,
				A38DDC8C2BDE7DBA00B34C34 /* Applyable.swift in Sources */,
				A38DDC902BDE7E2600B34C34 /* VAIdentifiable.swift in Sources */,
				A38DDC962BDE7ED400B34C34 /* UITableView+Support.swift in Sources */,
				A38DDC852BDD010C00B34C34 /* BaseControllerView.swift in Sources */,
				A38DDC872BDD012200B34C34 /* BaseView.swift in Sources */,
				A38DDC982BDE7F1600B34C34 /* UICollectionView+Support.swift in Sources */,
				A38DDC3D2BDAC86B00B34C34 /* SceneDelegate.swift in Sources */,
				A38DDC8E2BDE7DF000B34C34 /* CGSize+Support.swift in Sources */,
				A38DDC9D2BDE803000B34C34 /* MainScreenView.swift in Sources */,
				A38DDC942BDE7EA600B34C34 /* UITableViewCell+Support.swift in Sources */,
				A38DDC9A2BDE7F3100B34C34 /* UICollectionViewCell+Support.swift in Sources */,
				A38DDC832BDCFF3300B34C34 /* BaseViewController.swift in Sources */,
				A38DDC8A2BDE7D5000B34C34 /* Functions.swift in Sources */,
			);
			runOnlyForDeploymentPostprocessing = 0;
		};
/* End PBXSourcesBuildPhase section */

/* Begin PBXVariantGroup section */
		A38DDC452BDAC86C00B34C34 /* LaunchScreen.storyboard */ = {
			isa = PBXVariantGroup;
			children = (
				A38DDC462BDAC86C00B34C34 /* Base */,
			);
			name = LaunchScreen.storyboard;
			sourceTree = "<group>";
		};
/* End PBXVariantGroup section */

/* Begin XCBuildConfiguration section */
		A38DDC492BDAC86C00B34C34 /* Debug */ = {
			isa = XCBuildConfiguration;
			buildSettings = {
				ALWAYS_SEARCH_USER_PATHS = NO;
				ASSETCATALOG_COMPILER_GENERATE_SWIFT_ASSET_SYMBOL_EXTENSIONS = YES;
				CLANG_ANALYZER_NONNULL = YES;
				CLANG_ANALYZER_NUMBER_OBJECT_CONVERSION = YES_AGGRESSIVE;
				CLANG_CXX_LANGUAGE_STANDARD = "gnu++20";
				CLANG_ENABLE_MODULES = YES;
				CLANG_ENABLE_OBJC_ARC = YES;
				CLANG_ENABLE_OBJC_WEAK = YES;
				CLANG_WARN_BLOCK_CAPTURE_AUTORELEASING = YES;
				CLANG_WARN_BOOL_CONVERSION = YES;
				CLANG_WARN_COMMA = YES;
				CLANG_WARN_CONSTANT_CONVERSION = YES;
				CLANG_WARN_DEPRECATED_OBJC_IMPLEMENTATIONS = YES;
				CLANG_WARN_DIRECT_OBJC_ISA_USAGE = YES_ERROR;
				CLANG_WARN_DOCUMENTATION_COMMENTS = YES;
				CLANG_WARN_EMPTY_BODY = YES;
				CLANG_WARN_ENUM_CONVERSION = YES;
				CLANG_WARN_INFINITE_RECURSION = YES;
				CLANG_WARN_INT_CONVERSION = YES;
				CLANG_WARN_NON_LITERAL_NULL_CONVERSION = YES;
				CLANG_WARN_OBJC_IMPLICIT_RETAIN_SELF = YES;
				CLANG_WARN_OBJC_LITERAL_CONVERSION = YES;
				CLANG_WARN_OBJC_ROOT_CLASS = YES_ERROR;
				CLANG_WARN_QUOTED_INCLUDE_IN_FRAMEWORK_HEADER = YES;
				CLANG_WARN_RANGE_LOOP_ANALYSIS = YES;
				CLANG_WARN_STRICT_PROTOTYPES = YES;
				CLANG_WARN_SUSPICIOUS_MOVE = YES;
				CLANG_WARN_UNGUARDED_AVAILABILITY = YES_AGGRESSIVE;
				CLANG_WARN_UNREACHABLE_CODE = YES;
				CLANG_WARN__DUPLICATE_METHOD_MATCH = YES;
				COPY_PHASE_STRIP = NO;
				DEBUG_INFORMATION_FORMAT = dwarf;
				ENABLE_STRICT_OBJC_MSGSEND = YES;
				ENABLE_TESTABILITY = YES;
				ENABLE_USER_SCRIPT_SANDBOXING = YES;
				GCC_C_LANGUAGE_STANDARD = gnu17;
				GCC_DYNAMIC_NO_PIC = NO;
				GCC_NO_COMMON_BLOCKS = YES;
				GCC_OPTIMIZATION_LEVEL = 0;
				GCC_PREPROCESSOR_DEFINITIONS = (
					"DEBUG=1",
					"$(inherited)",
				);
				GCC_WARN_64_TO_32_BIT_CONVERSION = YES;
				GCC_WARN_ABOUT_RETURN_TYPE = YES_ERROR;
				GCC_WARN_UNDECLARED_SELECTOR = YES;
				GCC_WARN_UNINITIALIZED_AUTOS = YES_AGGRESSIVE;
				GCC_WARN_UNUSED_FUNCTION = YES;
				GCC_WARN_UNUSED_VARIABLE = YES;
				IPHONEOS_DEPLOYMENT_TARGET = 17.4;
				LOCALIZATION_PREFERS_STRING_CATALOGS = YES;
				MTL_ENABLE_DEBUG_INFO = INCLUDE_SOURCE;
				MTL_FAST_MATH = YES;
				ONLY_ACTIVE_ARCH = YES;
				SDKROOT = iphoneos;
				SWIFT_ACTIVE_COMPILATION_CONDITIONS = "DEBUG $(inherited)";
				SWIFT_OPTIMIZATION_LEVEL = "-Onone";
				SWIFT_STRICT_CONCURRENCY = complete;
			};
			name = Debug;
		};
		A38DDC4A2BDAC86C00B34C34 /* Release */ = {
			isa = XCBuildConfiguration;
			buildSettings = {
				ALWAYS_SEARCH_USER_PATHS = NO;
				ASSETCATALOG_COMPILER_GENERATE_SWIFT_ASSET_SYMBOL_EXTENSIONS = YES;
				CLANG_ANALYZER_NONNULL = YES;
				CLANG_ANALYZER_NUMBER_OBJECT_CONVERSION = YES_AGGRESSIVE;
				CLANG_CXX_LANGUAGE_STANDARD = "gnu++20";
				CLANG_ENABLE_MODULES = YES;
				CLANG_ENABLE_OBJC_ARC = YES;
				CLANG_ENABLE_OBJC_WEAK = YES;
				CLANG_WARN_BLOCK_CAPTURE_AUTORELEASING = YES;
				CLANG_WARN_BOOL_CONVERSION = YES;
				CLANG_WARN_COMMA = YES;
				CLANG_WARN_CONSTANT_CONVERSION = YES;
				CLANG_WARN_DEPRECATED_OBJC_IMPLEMENTATIONS = YES;
				CLANG_WARN_DIRECT_OBJC_ISA_USAGE = YES_ERROR;
				CLANG_WARN_DOCUMENTATION_COMMENTS = YES;
				CLANG_WARN_EMPTY_BODY = YES;
				CLANG_WARN_ENUM_CONVERSION = YES;
				CLANG_WARN_INFINITE_RECURSION = YES;
				CLANG_WARN_INT_CONVERSION = YES;
				CLANG_WARN_NON_LITERAL_NULL_CONVERSION = YES;
				CLANG_WARN_OBJC_IMPLICIT_RETAIN_SELF = YES;
				CLANG_WARN_OBJC_LITERAL_CONVERSION = YES;
				CLANG_WARN_OBJC_ROOT_CLASS = YES_ERROR;
				CLANG_WARN_QUOTED_INCLUDE_IN_FRAMEWORK_HEADER = YES;
				CLANG_WARN_RANGE_LOOP_ANALYSIS = YES;
				CLANG_WARN_STRICT_PROTOTYPES = YES;
				CLANG_WARN_SUSPICIOUS_MOVE = YES;
				CLANG_WARN_UNGUARDED_AVAILABILITY = YES_AGGRESSIVE;
				CLANG_WARN_UNREACHABLE_CODE = YES;
				CLANG_WARN__DUPLICATE_METHOD_MATCH = YES;
				COPY_PHASE_STRIP = NO;
				DEBUG_INFORMATION_FORMAT = "dwarf-with-dsym";
				ENABLE_NS_ASSERTIONS = NO;
				ENABLE_STRICT_OBJC_MSGSEND = YES;
				ENABLE_USER_SCRIPT_SANDBOXING = YES;
				GCC_C_LANGUAGE_STANDARD = gnu17;
				GCC_NO_COMMON_BLOCKS = YES;
				GCC_WARN_64_TO_32_BIT_CONVERSION = YES;
				GCC_WARN_ABOUT_RETURN_TYPE = YES_ERROR;
				GCC_WARN_UNDECLARED_SELECTOR = YES;
				GCC_WARN_UNINITIALIZED_AUTOS = YES_AGGRESSIVE;
				GCC_WARN_UNUSED_FUNCTION = YES;
				GCC_WARN_UNUSED_VARIABLE = YES;
				IPHONEOS_DEPLOYMENT_TARGET = 17.4;
				LOCALIZATION_PREFERS_STRING_CATALOGS = YES;
				MTL_ENABLE_DEBUG_INFO = NO;
				MTL_FAST_MATH = YES;
				SDKROOT = iphoneos;
				SWIFT_COMPILATION_MODE = wholemodule;
				SWIFT_STRICT_CONCURRENCY = complete;
				VALIDATE_PRODUCT = YES;
			};
			name = Release;
		};
		A38DDC4C2BDAC86C00B34C34 /* Debug */ = {
			isa = XCBuildConfiguration;
			buildSettings = {
				ASSETCATALOG_COMPILER_APPICON_NAME = AppIcon;
				ASSETCATALOG_COMPILER_GLOBAL_ACCENT_COLOR_NAME = AccentColor;
				CODE_SIGN_STYLE = Automatic;
				CURRENT_PROJECT_VERSION = 1;
				GENERATE_INFOPLIST_FILE = YES;
				INFOPLIST_FILE = VAYogaKitExample/Resources/Info.plist;
				INFOPLIST_KEY_UIApplicationSupportsIndirectInputEvents = YES;
				INFOPLIST_KEY_UILaunchStoryboardName = LaunchScreen;
				INFOPLIST_KEY_UISupportedInterfaceOrientations_iPad = "UIInterfaceOrientationPortrait UIInterfaceOrientationPortraitUpsideDown UIInterfaceOrientationLandscapeLeft UIInterfaceOrientationLandscapeRight";
				INFOPLIST_KEY_UISupportedInterfaceOrientations_iPhone = "UIInterfaceOrientationPortrait UIInterfaceOrientationLandscapeLeft UIInterfaceOrientationLandscapeRight";
				LD_RUNPATH_SEARCH_PATHS = (
					"$(inherited)",
					"@executable_path/Frameworks",
				);
				MARKETING_VERSION = 1.0;
				PRODUCT_BUNDLE_IDENTIFIER = com.vandrj.VAYogaKitExample;
				PRODUCT_NAME = "$(TARGET_NAME)";
				SWIFT_EMIT_LOC_STRINGS = YES;
				SWIFT_STRICT_CONCURRENCY = complete;
				SWIFT_VERSION = 5.0;
				TARGETED_DEVICE_FAMILY = "1,2";
			};
			name = Debug;
		};
		A38DDC4D2BDAC86C00B34C34 /* Release */ = {
			isa = XCBuildConfiguration;
			buildSettings = {
				ASSETCATALOG_COMPILER_APPICON_NAME = AppIcon;
				ASSETCATALOG_COMPILER_GLOBAL_ACCENT_COLOR_NAME = AccentColor;
				CODE_SIGN_STYLE = Automatic;
				CURRENT_PROJECT_VERSION = 1;
				GENERATE_INFOPLIST_FILE = YES;
				INFOPLIST_FILE = VAYogaKitExample/Resources/Info.plist;
				INFOPLIST_KEY_UIApplicationSupportsIndirectInputEvents = YES;
				INFOPLIST_KEY_UILaunchStoryboardName = LaunchScreen;
				INFOPLIST_KEY_UISupportedInterfaceOrientations_iPad = "UIInterfaceOrientationPortrait UIInterfaceOrientationPortraitUpsideDown UIInterfaceOrientationLandscapeLeft UIInterfaceOrientationLandscapeRight";
				INFOPLIST_KEY_UISupportedInterfaceOrientations_iPhone = "UIInterfaceOrientationPortrait UIInterfaceOrientationLandscapeLeft UIInterfaceOrientationLandscapeRight";
				LD_RUNPATH_SEARCH_PATHS = (
					"$(inherited)",
					"@executable_path/Frameworks",
				);
				MARKETING_VERSION = 1.0;
				PRODUCT_BUNDLE_IDENTIFIER = com.vandrj.VAYogaKitExample;
				PRODUCT_NAME = "$(TARGET_NAME)";
				SWIFT_EMIT_LOC_STRINGS = YES;
				SWIFT_STRICT_CONCURRENCY = complete;
				SWIFT_VERSION = 5.0;
				TARGETED_DEVICE_FAMILY = "1,2";
			};
			name = Release;
		};
/* End XCBuildConfiguration section */

/* Begin XCConfigurationList section */
		A38DDC322BDAC86B00B34C34 /* Build configuration list for PBXProject "VAYogaKitExample" */ = {
			isa = XCConfigurationList;
			buildConfigurations = (
				A38DDC492BDAC86C00B34C34 /* Debug */,
				A38DDC4A2BDAC86C00B34C34 /* Release */,
			);
			defaultConfigurationIsVisible = 0;
			defaultConfigurationName = Release;
		};
		A38DDC4B2BDAC86C00B34C34 /* Build configuration list for PBXNativeTarget "VAYogaKitExample" */ = {
			isa = XCConfigurationList;
			buildConfigurations = (
				A38DDC4C2BDAC86C00B34C34 /* Debug */,
				A38DDC4D2BDAC86C00B34C34 /* Release */,
			);
			defaultConfigurationIsVisible = 0;
			defaultConfigurationName = Release;
		};
/* End XCConfigurationList section */

/* Begin XCSwiftPackageProductDependency section */
		A38DDC502BDAD70000B34C34 /* VAYogaKit */ = {
			isa = XCSwiftPackageProductDependency;
			productName = VAYogaKit;
		};
/* End XCSwiftPackageProductDependency section */
	};
	rootObject = A38DDC2F2BDAC86B00B34C34 /* Project object */;
}
